{
  "name": "mastopoof-proto",
  "version": "0.0.0",
  "lockfileVersion": 3,
  "requires": true,
  "packages": {
    "": {
      "name": "mastopoof-proto",
      "version": "0.0.0",
      "dependencies": {
        "@bufbuild/buf": "1.40.0",
        "@bufbuild/protobuf": "1.10.0",
        "@connectrpc/connect": "1.4.0",
        "@connectrpc/connect-web": "1.4.0"
      }
    },
    "node_modules/@bufbuild/buf": {
      "version": "1.40.0",
      "resolved": "https://registry.npmjs.org/@bufbuild/buf/-/buf-1.40.0.tgz",
      "integrity": "sha512-GK1xd0FySdIq4kIj6R8L0LX68i5ahEIwPJgIMgajy+4uXfKp1NFbFFgn1h6Hskvwtb/yFFy3bIY2rcJlddmq5A==",
      "hasInstallScript": true,
      "bin": {
        "buf": "bin/buf",
        "protoc-gen-buf-breaking": "bin/protoc-gen-buf-breaking",
        "protoc-gen-buf-lint": "bin/protoc-gen-buf-lint"
      },
      "engines": {
        "node": ">=12"
      },
      "optionalDependencies": {
        "@bufbuild/buf-darwin-arm64": "1.40.0",
        "@bufbuild/buf-darwin-x64": "1.40.0",
        "@bufbuild/buf-linux-aarch64": "1.40.0",
        "@bufbuild/buf-linux-x64": "1.40.0",
        "@bufbuild/buf-win32-arm64": "1.40.0",
        "@bufbuild/buf-win32-x64": "1.40.0"
      }
    },
    "node_modules/@bufbuild/buf-darwin-arm64": {
      "version": "1.40.0",
      "resolved": "https://registry.npmjs.org/@bufbuild/buf-darwin-arm64/-/buf-darwin-arm64-1.40.0.tgz",
      "integrity": "sha512-uNyDOALf815yR3/1UB6RrAPWujfpYSesAp0uZW6FDV5VYpNMuG9grygvdJZXfyNstNmKN28ppONK1y8SJPYCVQ==",
      "cpu": [
        "arm64"
      ],
      "optional": true,
      "os": [
        "darwin"
      ],
      "engines": {
        "node": ">=12"
      }
    },
    "node_modules/@bufbuild/buf-darwin-x64": {
      "version": "1.40.0",
      "resolved": "https://registry.npmjs.org/@bufbuild/buf-darwin-x64/-/buf-darwin-x64-1.40.0.tgz",
      "integrity": "sha512-Hj4skw96NZjigV+AVKaEM6WdQ6BIs2kr8W28cgXrnwCS47o+5+9GSRbV0pn2unLiipsEwGKZ4dzHvUGUikbXHQ==",
      "cpu": [
        "x64"
      ],
      "optional": true,
      "os": [
        "darwin"
      ],
      "engines": {
        "node": ">=12"
      }
    },
    "node_modules/@bufbuild/buf-linux-aarch64": {
      "version": "1.40.0",
      "resolved": "https://registry.npmjs.org/@bufbuild/buf-linux-aarch64/-/buf-linux-aarch64-1.40.0.tgz",
      "integrity": "sha512-bswtukqL04o0dOvDAzCS2FRSdWghg4OlbM4QvMjT18n5EEq7p9jTBsRNIorBkEEYJKVpM+mDxjusjx/Oegjnnw==",
      "cpu": [
        "arm64"
      ],
      "optional": true,
      "os": [
        "linux"
      ],
      "engines": {
        "node": ">=12"
      }
    },
    "node_modules/@bufbuild/buf-linux-x64": {
      "version": "1.40.0",
      "resolved": "https://registry.npmjs.org/@bufbuild/buf-linux-x64/-/buf-linux-x64-1.40.0.tgz",
      "integrity": "sha512-AQ3+zeXLSYEJKRz4qAyVK2melQNGLL2qpJNZNuPpI7NMhEwNG0+URmbH1mcG1MK5fTCHzm9pGOmfRT7JeZTCEw==",
      "cpu": [
        "x64"
      ],
      "optional": true,
      "os": [
        "linux"
      ],
      "engines": {
        "node": ">=12"
      }
    },
    "node_modules/@bufbuild/buf-win32-arm64": {
      "version": "1.40.0",
      "resolved": "https://registry.npmjs.org/@bufbuild/buf-win32-arm64/-/buf-win32-arm64-1.40.0.tgz",
      "integrity": "sha512-uL/JwWe3Cj7ays58KIqcaeZlR5NxYm7/7kfBNcRvqfAXHSbjnEzjmefIevj8vRqNBghX/mnUAd727lCsqPPplg==",
      "cpu": [
        "arm64"
      ],
      "optional": true,
      "os": [
        "win32"
      ],
      "engines": {
        "node": ">=12"
      }
    },
    "node_modules/@bufbuild/buf-win32-x64": {
      "version": "1.40.0",
      "resolved": "https://registry.npmjs.org/@bufbuild/buf-win32-x64/-/buf-win32-x64-1.40.0.tgz",
      "integrity": "sha512-d+y02eghLlP8RMgdxY4OS+H/SzNFNLXCR2KxwmI4ukXm35bEY8oQ5lbNCGweLmV3OLBrFi6rFbe+Zd/uT9iMPg==",
      "cpu": [
        "x64"
      ],
      "optional": true,
      "os": [
        "win32"
      ],
      "engines": {
        "node": ">=12"
      }
    },
    "node_modules/@bufbuild/protobuf": {
      "version": "1.10.0",
      "resolved": "https://registry.npmjs.org/@bufbuild/protobuf/-/protobuf-1.10.0.tgz",
      "integrity": "sha512-QDdVFLoN93Zjg36NoQPZfsVH9tZew7wKDKyV5qRdj8ntT4wQCOradQjRaTdwMhWUYsgKsvCINKKm87FdEk96Ag=="
    },
    "node_modules/@connectrpc/connect": {
      "version": "1.4.0",
      "resolved": "https://registry.npmjs.org/@connectrpc/connect/-/connect-1.4.0.tgz",
      "integrity": "sha512-vZeOkKaAjyV4+RH3+rJZIfDFJAfr+7fyYr6sLDKbYX3uuTVszhFe9/YKf5DNqrDb5cKdKVlYkGn6DTDqMitAnA==",
      "peerDependencies": {
        "@bufbuild/protobuf": "^1.4.2"
      }
    },
    "node_modules/@connectrpc/connect-web": {
      "version": "1.4.0",
      "resolved": "https://registry.npmjs.org/@connectrpc/connect-web/-/connect-web-1.4.0.tgz",
      "integrity": "sha512-13aO4psFbbm7rdOFGV0De2Za64DY/acMspgloDlcOKzLPPs0yZkhp1OOzAQeiAIr7BM/VOHIA3p8mF0inxCYTA==",
      "peerDependencies": {
        "@bufbuild/protobuf": "^1.4.2",
        "@connectrpc/connect": "1.4.0"
      }
    }
  }
}
