{
  "name": "mastopoof-proto",
  "version": "0.0.0",
  "lockfileVersion": 3,
  "requires": true,
  "packages": {
    "": {
      "name": "mastopoof-proto",
      "version": "0.0.0",
      "dependencies": {
        "@bufbuild/buf": "1.34.0",
        "@bufbuild/protobuf": "1.10.0",
        "@connectrpc/connect": "1.4.0",
        "@connectrpc/connect-web": "1.4.0"
      }
    },
    "node_modules/@bufbuild/buf": {
      "version": "1.34.0",
      "resolved": "https://registry.npmjs.org/@bufbuild/buf/-/buf-1.34.0.tgz",
      "integrity": "sha512-DR0P746bYiY7ziQTui0bKAvPa7ihCNxONWLtW54HQXvTkGnTc6C1keVaSz4UhNdSsBu/Xsj69GO9SizodfjUtQ==",
      "hasInstallScript": true,
      "bin": {
        "buf": "bin/buf",
        "protoc-gen-buf-breaking": "bin/protoc-gen-buf-breaking",
        "protoc-gen-buf-lint": "bin/protoc-gen-buf-lint"
      },
      "engines": {
        "node": ">=12"
      },
      "optionalDependencies": {
        "@bufbuild/buf-darwin-arm64": "1.34.0",
        "@bufbuild/buf-darwin-x64": "1.34.0",
        "@bufbuild/buf-linux-aarch64": "1.34.0",
        "@bufbuild/buf-linux-x64": "1.34.0",
        "@bufbuild/buf-win32-arm64": "1.34.0",
        "@bufbuild/buf-win32-x64": "1.34.0"
      }
    },
    "node_modules/@bufbuild/buf-darwin-arm64": {
      "version": "1.34.0",
      "resolved": "https://registry.npmjs.org/@bufbuild/buf-darwin-arm64/-/buf-darwin-arm64-1.34.0.tgz",
      "integrity": "sha512-3+h/jSAr7H+KT8MWWRMbN/gQ87KlGLkTGwm4/mpry1ap9Thw/UdOrk5MfmbK3CRM/rlw4mAn1Egu/Q7R5eO98g==",
      "cpu": [
        "arm64"
      ],
      "optional": true,
      "os": [
        "darwin"
      ],
      "engines": {
        "node": ">=12"
      }
    },
    "node_modules/@bufbuild/buf-darwin-x64": {
      "version": "1.34.0",
      "resolved": "https://registry.npmjs.org/@bufbuild/buf-darwin-x64/-/buf-darwin-x64-1.34.0.tgz",
      "integrity": "sha512-Jdm0COuA2CMKoef2H8rBsRnc16mJUmCQ2KvJH5otvFrMhzPmr1MUyicCybY26HXFD/6DcnbWZvf6W8LfDMMyGQ==",
      "cpu": [
        "x64"
      ],
      "optional": true,
      "os": [
        "darwin"
      ],
      "engines": {
        "node": ">=12"
      }
    },
    "node_modules/@bufbuild/buf-linux-aarch64": {
      "version": "1.34.0",
      "resolved": "https://registry.npmjs.org/@bufbuild/buf-linux-aarch64/-/buf-linux-aarch64-1.34.0.tgz",
      "integrity": "sha512-utSspJlPmVPh4Ugvn9k7MEEMHDZMI13jvwHkBE6wNSkYxxYTRR5zLHtmysaYQo51Fx+3ar6mL4HnhTqLrgO5GA==",
      "cpu": [
        "arm64"
      ],
      "optional": true,
      "os": [
        "linux"
      ],
      "engines": {
        "node": ">=12"
      }
    },
    "node_modules/@bufbuild/buf-linux-x64": {
      "version": "1.34.0",
      "resolved": "https://registry.npmjs.org/@bufbuild/buf-linux-x64/-/buf-linux-x64-1.34.0.tgz",
      "integrity": "sha512-INCGsPLBL4aK2jHBMdZzEJUPv7f6f8skIUMMip7YdJl1nsIh27C/Dl7Q6A6/sv9IhYibWKAoxP7SuiOv2iTdEw==",
      "cpu": [
        "x64"
      ],
      "optional": true,
      "os": [
        "linux"
      ],
      "engines": {
        "node": ">=12"
      }
    },
    "node_modules/@bufbuild/buf-win32-arm64": {
      "version": "1.34.0",
      "resolved": "https://registry.npmjs.org/@bufbuild/buf-win32-arm64/-/buf-win32-arm64-1.34.0.tgz",
      "integrity": "sha512-g1EogebjJ93bzmyn/fEi47tTz57M+7WYZ7/vX+DFXgLLYIxTWHDK4YN+3Hs+K7Sbx7KaVdsdEqof8xZ4WoVFnQ==",
      "cpu": [
        "arm64"
      ],
      "optional": true,
      "os": [
        "win32"
      ],
      "engines": {
        "node": ">=12"
      }
    },
    "node_modules/@bufbuild/buf-win32-x64": {
      "version": "1.34.0",
      "resolved": "https://registry.npmjs.org/@bufbuild/buf-win32-x64/-/buf-win32-x64-1.34.0.tgz",
      "integrity": "sha512-0rPXP7pV7+2twhcpN8hDdgV68UCiazLRcMBjWKubwcSJhAP8jRLqSJv3VGnXmpdYPbYGDQ0htfcgLNUvzllRhQ==",
      "cpu": [
        "x64"
      ],
      "optional": true,
      "os": [
        "win32"
      ],
      "engines": {
        "node": ">=12"
      }
    },
    "node_modules/@bufbuild/protobuf": {
      "version": "1.10.0",
      "resolved": "https://registry.npmjs.org/@bufbuild/protobuf/-/protobuf-1.10.0.tgz",
      "integrity": "sha512-QDdVFLoN93Zjg36NoQPZfsVH9tZew7wKDKyV5qRdj8ntT4wQCOradQjRaTdwMhWUYsgKsvCINKKm87FdEk96Ag=="
    },
    "node_modules/@connectrpc/connect": {
      "version": "1.4.0",
      "resolved": "https://registry.npmjs.org/@connectrpc/connect/-/connect-1.4.0.tgz",
      "integrity": "sha512-vZeOkKaAjyV4+RH3+rJZIfDFJAfr+7fyYr6sLDKbYX3uuTVszhFe9/YKf5DNqrDb5cKdKVlYkGn6DTDqMitAnA==",
      "peerDependencies": {
        "@bufbuild/protobuf": "^1.4.2"
      }
    },
    "node_modules/@connectrpc/connect-web": {
      "version": "1.4.0",
      "resolved": "https://registry.npmjs.org/@connectrpc/connect-web/-/connect-web-1.4.0.tgz",
      "integrity": "sha512-13aO4psFbbm7rdOFGV0De2Za64DY/acMspgloDlcOKzLPPs0yZkhp1OOzAQeiAIr7BM/VOHIA3p8mF0inxCYTA==",
      "peerDependencies": {
        "@bufbuild/protobuf": "^1.4.2",
        "@connectrpc/connect": "1.4.0"
      }
    }
  }
}
