{
  "name": "mastopoof-proto",
  "version": "0.0.0",
  "lockfileVersion": 3,
  "requires": true,
  "packages": {
    "": {
      "name": "mastopoof-proto",
      "version": "0.0.0",
      "dependencies": {
        "@bufbuild/protobuf": "1.6.0",
        "@connectrpc/connect": "1.2.1",
        "@connectrpc/connect-web": "1.2.1"
      }
    },
    "node_modules/@bufbuild/protobuf": {
      "version": "1.6.0",
      "resolved": "https://registry.npmjs.org/@bufbuild/protobuf/-/protobuf-1.6.0.tgz",
      "integrity": "sha512-hp19vSFgNw3wBBcVBx5qo5pufCqjaJ0Cfk5H/pfjNOfNWU+4/w0QVOmfAOZNRrNWRrVuaJWxcN8P2vhOkkzbBQ=="
    },
    "node_modules/@connectrpc/connect": {
      "version": "1.2.1",
      "resolved": "https://registry.npmjs.org/@connectrpc/connect/-/connect-1.2.1.tgz",
      "integrity": "sha512-CWQNcr0kKLU1LlijdeKhbKOAOsU/t9OKM90l07O82N4nOg1+7JgWjhlcv/QATxatOT8XwJu1DxJiVYyZs+Xixg==",
      "peerDependencies": {
        "@bufbuild/protobuf": "^1.4.2"
      }
    },
    "node_modules/@connectrpc/connect-web": {
      "version": "1.2.1",
      "resolved": "https://registry.npmjs.org/@connectrpc/connect-web/-/connect-web-1.2.1.tgz",
      "integrity": "sha512-fuecLMy024OLFXwycT7uB3WHiPTgaKOIGu6beX4MWxf2K6/NIxUEiS5AzEr0bCS8r3eNyZXuJWalJgmgdrNIGA==",
      "peerDependencies": {
        "@bufbuild/protobuf": "^1.4.2",
        "@connectrpc/connect": "1.2.1"
      }
    }
  }
}
